// !$*UTF8*$!
{
	archiveVersion = 1;
	classes = {
	};
	objectVersion = 50;
	objects = {

/* Begin PBXBuildFile section */
		F436F52224BF75CB0031C019 /* Pie.swift in Sources */ = {isa = PBXBuildFile; fileRef = F436F52124BF75CB0031C019 /* Pie.swift */; };
		F436F52424BF8E450031C019 /* Cardify.swift in Sources */ = {isa = PBXBuildFile; fileRef = F436F52324BF8E450031C019 /* Cardify.swift */; };
		F47FCE9224BE774C005A0133 /* Array+Only.swift in Sources */ = {isa = PBXBuildFile; fileRef = F47FCE9124BE774C005A0133 /* Array+Only.swift */; };
		F482005F24B7CB5500B5CBED /* Grid.swift in Sources */ = {isa = PBXBuildFile; fileRef = F482005E24B7CB5500B5CBED /* Grid.swift */; };
		F482006124B7CECE00B5CBED /* GridLayout.swift in Sources */ = {isa = PBXBuildFile; fileRef = F482006024B7CECE00B5CBED /* GridLayout.swift */; };
		F482006624B7DC2E00B5CBED /* Array+Identifiable.swift in Sources */ = {isa = PBXBuildFile; fileRef = F482006524B7DC2E00B5CBED /* Array+Identifiable.swift */; };
		F499FAF224AD03AF00CFE167 /* MemoryGame.swift in Sources */ = {isa = PBXBuildFile; fileRef = F499FAF124AD03AF00CFE167 /* MemoryGame.swift */; };
		F499FAF424AD086F00CFE167 /* EmojiMemoryGame.swift in Sources */ = {isa = PBXBuildFile; fileRef = F499FAF324AD086F00CFE167 /* EmojiMemoryGame.swift */; };
		F49DB0D324AB9E9C00739106 /* AppDelegate.swift in Sources */ = {isa = PBXBuildFile; fileRef = F49DB0D224AB9E9C00739106 /* AppDelegate.swift */; };
		F49DB0D524AB9E9C00739106 /* SceneDelegate.swift in Sources */ = {isa = PBXBuildFile; fileRef = F49DB0D424AB9E9C00739106 /* SceneDelegate.swift */; };
		F49DB0D724AB9E9C00739106 /* EmojiMemoryGameView.swift in Sources */ = {isa = PBXBuildFile; fileRef = F49DB0D624AB9E9C00739106 /* EmojiMemoryGameView.swift */; };
		F49DB0D924AB9E9D00739106 /* Assets.xcassets in Resources */ = {isa = PBXBuildFile; fileRef = F49DB0D824AB9E9D00739106 /* Assets.xcassets */; };
		F49DB0DC24AB9E9D00739106 /* Preview Assets.xcassets in Resources */ = {isa = PBXBuildFile; fileRef = F49DB0DB24AB9E9D00739106 /* Preview Assets.xcassets */; };
		F49DB0DF24AB9E9D00739106 /* LaunchScreen.storyboard in Resources */ = {isa = PBXBuildFile; fileRef = F49DB0DD24AB9E9D00739106 /* LaunchScreen.storyboard */; };
		F4A05B5024CA6817009DAF82 /* EmojiTheme.swift in Sources */ = {isa = PBXBuildFile; fileRef = F4A05B4F24CA6817009DAF82 /* EmojiTheme.swift */; };
		F4A05B5224CA6D50009DAF82 /* EmojiThemeView.swift in Sources */ = {isa = PBXBuildFile; fileRef = F4A05B5124CA6D50009DAF82 /* EmojiThemeView.swift */; };
/* End PBXBuildFile section */

/* Begin PBXFileReference section */
		F436F52124BF75CB0031C019 /* Pie.swift */ = {isa = PBXFileReference; lastKnownFileType = sourcecode.swift; path = Pie.swift; sourceTree = "<group>"; };
		F436F52324BF8E450031C019 /* Cardify.swift */ = {isa = PBXFileReference; lastKnownFileType = sourcecode.swift; path = Cardify.swift; sourceTree = "<group>"; };
		F47FCE9124BE774C005A0133 /* Array+Only.swift */ = {isa = PBXFileReference; lastKnownFileType = sourcecode.swift; path = "Array+Only.swift"; sourceTree = "<group>"; };
		F482005E24B7CB5500B5CBED /* Grid.swift */ = {isa = PBXFileReference; lastKnownFileType = sourcecode.swift; path = Grid.swift; sourceTree = "<group>"; };
		F482006024B7CECE00B5CBED /* GridLayout.swift */ = {isa = PBXFileReference; fileEncoding = 4; lastKnownFileType = sourcecode.swift; path = GridLayout.swift; sourceTree = "<group>"; };
		F482006524B7DC2E00B5CBED /* Array+Identifiable.swift */ = {isa = PBXFileReference; lastKnownFileType = sourcecode.swift; path = "Array+Identifiable.swift"; sourceTree = "<group>"; };
		F499FAF124AD03AF00CFE167 /* MemoryGame.swift */ = {isa = PBXFileReference; lastKnownFileType = sourcecode.swift; path = MemoryGame.swift; sourceTree = "<group>"; };
		F499FAF324AD086F00CFE167 /* EmojiMemoryGame.swift */ = {isa = PBXFileReference; lastKnownFileType = sourcecode.swift; path = EmojiMemoryGame.swift; sourceTree = "<group>"; };
		F49DB0CF24AB9E9C00739106 /* Memorize.app */ = {isa = PBXFileReference; explicitFileType = wrapper.application; includeInIndex = 0; path = Memorize.app; sourceTree = BUILT_PRODUCTS_DIR; };
		F49DB0D224AB9E9C00739106 /* AppDelegate.swift */ = {isa = PBXFileReference; lastKnownFileType = sourcecode.swift; path = AppDelegate.swift; sourceTree = "<group>"; };
		F49DB0D424AB9E9C00739106 /* SceneDelegate.swift */ = {isa = PBXFileReference; lastKnownFileType = sourcecode.swift; path = SceneDelegate.swift; sourceTree = "<group>"; };
		F49DB0D624AB9E9C00739106 /* EmojiMemoryGameView.swift */ = {isa = PBXFileReference; lastKnownFileType = sourcecode.swift; path = EmojiMemoryGameView.swift; sourceTree = "<group>"; };
		F49DB0D824AB9E9D00739106 /* Assets.xcassets */ = {isa = PBXFileReference; lastKnownFileType = folder.assetcatalog; path = Assets.xcassets; sourceTree = "<group>"; };
		F49DB0DB24AB9E9D00739106 /* Preview Assets.xcassets */ = {isa = PBXFileReference; lastKnownFileType = folder.assetcatalog; path = "Preview Assets.xcassets"; sourceTree = "<group>"; };
		F49DB0DE24AB9E9D00739106 /* Base */ = {isa = PBXFileReference; lastKnownFileType = file.storyboard; name = Base; path = Base.lproj/LaunchScreen.storyboard; sourceTree = "<group>"; };
		F49DB0E024AB9E9D00739106 /* Info.plist */ = {isa = PBXFileReference; lastKnownFileType = text.plist.xml; path = Info.plist; sourceTree = "<group>"; };
		F4A05B4F24CA6817009DAF82 /* EmojiTheme.swift */ = {isa = PBXFileReference; lastKnownFileType = sourcecode.swift; path = EmojiTheme.swift; sourceTree = "<group>"; };
		F4A05B5124CA6D50009DAF82 /* EmojiThemeView.swift */ = {isa = PBXFileReference; lastKnownFileType = sourcecode.swift; path = EmojiThemeView.swift; sourceTree = "<group>"; };
/* End PBXFileReference section */

/* Begin PBXFrameworksBuildPhase section */
		F49DB0CC24AB9E9C00739106 /* Frameworks */ = {
			isa = PBXFrameworksBuildPhase;
			buildActionMask = 2147483647;
			files = (
			);
			runOnlyForDeploymentPostprocessing = 0;
		};
/* End PBXFrameworksBuildPhase section */

/* Begin PBXGroup section */
		F49DB0C624AB9E9C00739106 = {
			isa = PBXGroup;
			children = (
				F49DB0D124AB9E9C00739106 /* Memorize */,
				F49DB0D024AB9E9C00739106 /* Products */,
			);
			sourceTree = "<group>";
		};
		F49DB0D024AB9E9C00739106 /* Products */ = {
			isa = PBXGroup;
			children = (
				F49DB0CF24AB9E9C00739106 /* Memorize.app */,
			);
			name = Products;
			sourceTree = "<group>";
		};
		F49DB0D124AB9E9C00739106 /* Memorize */ = {
			isa = PBXGroup;
			children = (
				F49DB0D224AB9E9C00739106 /* AppDelegate.swift */,
				F482005E24B7CB5500B5CBED /* Grid.swift */,
				F482006524B7DC2E00B5CBED /* Array+Identifiable.swift */,
				F47FCE9124BE774C005A0133 /* Array+Only.swift */,
				F482006024B7CECE00B5CBED /* GridLayout.swift */,
				F49DB0D424AB9E9C00739106 /* SceneDelegate.swift */,
				F4A05B4F24CA6817009DAF82 /* EmojiTheme.swift */,
				F436F52124BF75CB0031C019 /* Pie.swift */,
				F499FAF324AD086F00CFE167 /* EmojiMemoryGame.swift */,
				F4A05B5124CA6D50009DAF82 /* EmojiThemeView.swift */,
				F499FAF124AD03AF00CFE167 /* MemoryGame.swift */,
				F49DB0D624AB9E9C00739106 /* EmojiMemoryGameView.swift */,
				F436F52324BF8E450031C019 /* Cardify.swift */,
				F49DB0D824AB9E9D00739106 /* Assets.xcassets */,
				F49DB0DD24AB9E9D00739106 /* LaunchScreen.storyboard */,
				F49DB0E024AB9E9D00739106 /* Info.plist */,
				F49DB0DA24AB9E9D00739106 /* Preview Content */,
			);
			path = Memorize;
			sourceTree = "<group>";
		};
		F49DB0DA24AB9E9D00739106 /* Preview Content */ = {
			isa = PBXGroup;
			children = (
				F49DB0DB24AB9E9D00739106 /* Preview Assets.xcassets */,
			);
			path = "Preview Content";
			sourceTree = "<group>";
		};
/* End PBXGroup section */

/* Begin PBXNativeTarget section */
		F49DB0CE24AB9E9C00739106 /* Memorize */ = {
			isa = PBXNativeTarget;
			buildConfigurationList = F49DB0E324AB9E9D00739106 /* Build configuration list for PBXNativeTarget "Memorize" */;
			buildPhases = (
				F49DB0CB24AB9E9C00739106 /* Sources */,
				F49DB0CC24AB9E9C00739106 /* Frameworks */,
				F49DB0CD24AB9E9C00739106 /* Resources */,
			);
			buildRules = (
			);
			dependencies = (
			);
			name = Memorize;
			productName = Memorize;
			productReference = F49DB0CF24AB9E9C00739106 /* Memorize.app */;
			productType = "com.apple.product-type.application";
		};
/* End PBXNativeTarget section */

/* Begin PBXProject section */
		F49DB0C724AB9E9C00739106 /* Project object */ = {
			isa = PBXProject;
			attributes = {
				LastSwiftUpdateCheck = 1150;
				LastUpgradeCheck = 1150;
				ORGANIZATIONNAME = "MR de Araujo";
				TargetAttributes = {
					F49DB0CE24AB9E9C00739106 = {
						CreatedOnToolsVersion = 11.5;
					};
				};
			};
			buildConfigurationList = F49DB0CA24AB9E9C00739106 /* Build configuration list for PBXProject "Memorize" */;
			compatibilityVersion = "Xcode 9.3";
			developmentRegion = en;
			hasScannedForEncodings = 0;
			knownRegions = (
				en,
				Base,
			);
			mainGroup = F49DB0C624AB9E9C00739106;
			productRefGroup = F49DB0D024AB9E9C00739106 /* Products */;
			projectDirPath = "";
			projectRoot = "";
			targets = (
				F49DB0CE24AB9E9C00739106 /* Memorize */,
			);
		};
/* End PBXProject section */

/* Begin PBXResourcesBuildPhase section */
		F49DB0CD24AB9E9C00739106 /* Resources */ = {
			isa = PBXResourcesBuildPhase;
			buildActionMask = 2147483647;
			files = (
				F49DB0DF24AB9E9D00739106 /* LaunchScreen.storyboard in Resources */,
				F49DB0DC24AB9E9D00739106 /* Preview Assets.xcassets in Resources */,
				F49DB0D924AB9E9D00739106 /* Assets.xcassets in Resources */,
			);
			runOnlyForDeploymentPostprocessing = 0;
		};
/* End PBXResourcesBuildPhase section */

/* Begin PBXSourcesBuildPhase section */
		F49DB0CB24AB9E9C00739106 /* Sources */ = {
			isa = PBXSourcesBuildPhase;
			buildActionMask = 2147483647;
			files = (
				F436F52424BF8E450031C019 /* Cardify.swift in Sources */,
				F436F52224BF75CB0031C019 /* Pie.swift in Sources */,
				F49DB0D324AB9E9C00739106 /* AppDelegate.swift in Sources */,
				F49DB0D524AB9E9C00739106 /* SceneDelegate.swift in Sources */,
				F499FAF224AD03AF00CFE167 /* MemoryGame.swift in Sources */,
				F47FCE9224BE774C005A0133 /* Array+Only.swift in Sources */,
				F49DB0D724AB9E9C00739106 /* EmojiMemoryGameView.swift in Sources */,
				F4A05B5224CA6D50009DAF82 /* EmojiThemeView.swift in Sources */,
				F499FAF424AD086F00CFE167 /* EmojiMemoryGame.swift in Sources */,
				F482006624B7DC2E00B5CBED /* Array+Identifiable.swift in Sources */,
				F482006124B7CECE00B5CBED /* GridLayout.swift in Sources */,
				F482005F24B7CB5500B5CBED /* Grid.swift in Sources */,
				F4A05B5024CA6817009DAF82 /* EmojiTheme.swift in Sources */,
			);
			runOnlyForDeploymentPostprocessing = 0;
		};
/* End PBXSourcesBuildPhase section */

/* Begin PBXVariantGroup section */
		F49DB0DD24AB9E9D00739106 /* LaunchScreen.storyboard */ = {
			isa = PBXVariantGroup;
			children = (
				F49DB0DE24AB9E9D00739106 /* Base */,
			);
			name = LaunchScreen.storyboard;
			sourceTree = "<group>";
		};
/* End PBXVariantGroup section */

/* Begin XCBuildConfiguration section */
		F49DB0E124AB9E9D00739106 /* Debug */ = {
			isa = XCBuildConfiguration;
			buildSettings = {
				ALWAYS_SEARCH_USER_PATHS = NO;
				CLANG_ANALYZER_NONNULL = YES;
				CLANG_ANALYZER_NUMBER_OBJECT_CONVERSION = YES_AGGRESSIVE;
				CLANG_CXX_LANGUAGE_STANDARD = "gnu++14";
				CLANG_CXX_LIBRARY = "libc++";
				CLANG_ENABLE_MODULES = YES;
				CLANG_ENABLE_OBJC_ARC = YES;
				CLANG_ENABLE_OBJC_WEAK = YES;
				CLANG_WARN_BLOCK_CAPTURE_AUTORELEASING = YES;
				CLANG_WARN_BOOL_CONVERSION = YES;
				CLANG_WARN_COMMA = YES;
				CLANG_WARN_CONSTANT_CONVERSION = YES;
				CLANG_WARN_DEPRECATED_OBJC_IMPLEMENTATIONS = YES;
				CLANG_WARN_DIRECT_OBJC_ISA_USAGE = YES_ERROR;
				CLANG_WARN_DOCUMENTATION_COMMENTS = YES;
				CLANG_WARN_EMPTY_BODY = YES;
				CLANG_WARN_ENUM_CONVERSION = YES;
				CLANG_WARN_INFINITE_RECURSION = YES;
				CLANG_WARN_INT_CONVERSION = YES;
				CLANG_WARN_NON_LITERAL_NULL_CONVERSION = YES;
				CLANG_WARN_OBJC_IMPLICIT_RETAIN_SELF = YES;
				CLANG_WARN_OBJC_LITERAL_CONVERSION = YES;
				CLANG_WARN_OBJC_ROOT_CLASS = YES_ERROR;
				CLANG_WARN_RANGE_LOOP_ANALYSIS = YES;
				CLANG_WARN_STRICT_PROTOTYPES = YES;
				CLANG_WARN_SUSPICIOUS_MOVE = YES;
				CLANG_WARN_UNGUARDED_AVAILABILITY = YES_AGGRESSIVE;
				CLANG_WARN_UNREACHABLE_CODE = YES;
				CLANG_WARN__DUPLICATE_METHOD_MATCH = YES;
				COPY_PHASE_STRIP = NO;
				DEBUG_INFORMATION_FORMAT = dwarf;
				ENABLE_STRICT_OBJC_MSGSEND = YES;
				ENABLE_TESTABILITY = YES;
				GCC_C_LANGUAGE_STANDARD = gnu11;
				GCC_DYNAMIC_NO_PIC = NO;
				GCC_NO_COMMON_BLOCKS = YES;
				GCC_OPTIMIZATION_LEVEL = 0;
				GCC_PREPROCESSOR_DEFINITIONS = (
					"DEBUG=1",
					"$(inherited)",
				);
				GCC_WARN_64_TO_32_BIT_CONVERSION = YES;
				GCC_WARN_ABOUT_RETURN_TYPE = YES_ERROR;
				GCC_WARN_UNDECLARED_SELECTOR = YES;
				GCC_WARN_UNINITIALIZED_AUTOS = YES_AGGRESSIVE;
				GCC_WARN_UNUSED_FUNCTION = YES;
				GCC_WARN_UNUSED_VARIABLE = YES;
				IPHONEOS_DEPLOYMENT_TARGET = 13.5;
				MTL_ENABLE_DEBUG_INFO = INCLUDE_SOURCE;
				MTL_FAST_MATH = YES;
				ONLY_ACTIVE_ARCH = YES;
				SDKROOT = iphoneos;
				SWIFT_ACTIVE_COMPILATION_CONDITIONS = DEBUG;
				SWIFT_OPTIMIZATION_LEVEL = "-Onone";
			};
			name = Debug;
		};
		F49DB0E224AB9E9D00739106 /* Release */ = {
			isa = XCBuildConfiguration;
			buildSettings = {
				ALWAYS_SEARCH_USER_PATHS = NO;
				CLANG_ANALYZER_NONNULL = YES;
				CLANG_ANALYZER_NUMBER_OBJECT_CONVERSION = YES_AGGRESSIVE;
				CLANG_CXX_LANGUAGE_STANDARD = "gnu++14";
				CLANG_CXX_LIBRARY = "libc++";
				CLANG_ENABLE_MODULES = YES;
				CLANG_ENABLE_OBJC_ARC = YES;
				CLANG_ENABLE_OBJC_WEAK = YES;
				CLANG_WARN_BLOCK_CAPTURE_AUTORELEASING = YES;
				CLANG_WARN_BOOL_CONVERSION = YES;
				CLANG_WARN_COMMA = YES;
				CLANG_WARN_CONSTANT_CONVERSION = YES;
				CLANG_WARN_DEPRECATED_OBJC_IMPLEMENTATIONS = YES;
				CLANG_WARN_DIRECT_OBJC_ISA_USAGE = YES_ERROR;
				CLANG_WARN_DOCUMENTATION_COMMENTS = YES;
				CLANG_WARN_EMPTY_BODY = YES;
				CLANG_WARN_ENUM_CONVERSION = YES;
				CLANG_WARN_INFINITE_RECURSION = YES;
				CLANG_WARN_INT_CONVERSION = YES;
				CLANG_WARN_NON_LITERAL_NULL_CONVERSION = YES;
				CLANG_WARN_OBJC_IMPLICIT_RETAIN_SELF = YES;
				CLANG_WARN_OBJC_LITERAL_CONVERSION = YES;
				CLANG_WARN_OBJC_ROOT_CLASS = YES_ERROR;
				CLANG_WARN_RANGE_LOOP_ANALYSIS = YES;
				CLANG_WARN_STRICT_PROTOTYPES = YES;
				CLANG_WARN_SUSPICIOUS_MOVE = YES;
				CLANG_WARN_UNGUARDED_AVAILABILITY = YES_AGGRESSIVE;
				CLANG_WARN_UNREACHABLE_CODE = YES;
				CLANG_WARN__DUPLICATE_METHOD_MATCH = YES;
				COPY_PHASE_STRIP = NO;
				DEBUG_INFORMATION_FORMAT = "dwarf-with-dsym";
				ENABLE_NS_ASSERTIONS = NO;
				ENABLE_STRICT_OBJC_MSGSEND = YES;
				GCC_C_LANGUAGE_STANDARD = gnu11;
				GCC_NO_COMMON_BLOCKS = YES;
				GCC_WARN_64_TO_32_BIT_CONVERSION = YES;
				GCC_WARN_ABOUT_RETURN_TYPE = YES_ERROR;
				GCC_WARN_UNDECLARED_SELECTOR = YES;
				GCC_WARN_UNINITIALIZED_AUTOS = YES_AGGRESSIVE;
				GCC_WARN_UNUSED_FUNCTION = YES;
				GCC_WARN_UNUSED_VARIABLE = YES;
				IPHONEOS_DEPLOYMENT_TARGET = 13.5;
				MTL_ENABLE_DEBUG_INFO = NO;
				MTL_FAST_MATH = YES;
				SDKROOT = iphoneos;
				SWIFT_COMPILATION_MODE = wholemodule;
				SWIFT_OPTIMIZATION_LEVEL = "-O";
				VALIDATE_PRODUCT = YES;
			};
			name = Release;
		};
		F49DB0E424AB9E9D00739106 /* Debug */ = {
			isa = XCBuildConfiguration;
			buildSettings = {
				ASSETCATALOG_COMPILER_APPICON_NAME = AppIcon;
				CODE_SIGN_STYLE = Automatic;
				DEVELOPMENT_ASSET_PATHS = "\"Memorize/Preview Content\"";
				DEVELOPMENT_TEAM = C97V5ZU9S5;
				ENABLE_PREVIEWS = YES;
				INFOPLIST_FILE = Memorize/Info.plist;
				LD_RUNPATH_SEARCH_PATHS = (
					"$(inherited)",
					"@executable_path/Frameworks",
				);
				PRODUCT_BUNDLE_IDENTIFIER = "com.mr-araujo.Memorize";
				PRODUCT_NAME = "$(TARGET_NAME)";
				SWIFT_VERSION = 5.0;
				TARGETED_DEVICE_FAMILY = "1,2";
			};
			name = Debug;
		};
		F49DB0E524AB9E9D00739106 /* Release */ = {
			isa = XCBuildConfiguration;
			buildSettings = {
				ASSETCATALOG_COMPILER_APPICON_NAME = AppIcon;
				CODE_SIGN_STYLE = Automatic;
				DEVELOPMENT_ASSET_PATHS = "\"Memorize/Preview Content\"";
				DEVELOPMENT_TEAM = C97V5ZU9S5;
				ENABLE_PREVIEWS = YES;
				INFOPLIST_FILE = Memorize/Info.plist;
				LD_RUNPATH_SEARCH_PATHS = (
					"$(inherited)",
					"@executable_path/Frameworks",
				);
				PRODUCT_BUNDLE_IDENTIFIER = "com.mr-araujo.Memorize";
				PRODUCT_NAME = "$(TARGET_NAME)";
				SWIFT_VERSION = 5.0;
				TARGETED_DEVICE_FAMILY = "1,2";
			};
			name = Release;
		};
/* End XCBuildConfiguration section */

/* Begin XCConfigurationList section */
		F49DB0CA24AB9E9C00739106 /* Build configuration list for PBXProject "Memorize" */ = {
			isa = XCConfigurationList;
			buildConfigurations = (
				F49DB0E124AB9E9D00739106 /* Debug */,
				F49DB0E224AB9E9D00739106 /* Release */,
			);
			defaultConfigurationIsVisible = 0;
			defaultConfigurationName = Release;
		};
		F49DB0E324AB9E9D00739106 /* Build configuration list for PBXNativeTarget "Memorize" */ = {
			isa = XCConfigurationList;
			buildConfigurations = (
				F49DB0E424AB9E9D00739106 /* Debug */,
				F49DB0E524AB9E9D00739106 /* Release */,
			);
			defaultConfigurationIsVisible = 0;
			defaultConfigurationName = Release;
		};
/* End XCConfigurationList section */
	};
	rootObject = F49DB0C724AB9E9C00739106 /* Project object */;
}
